
Microsoft Visual Studio Solution File, Format Version 12.00
# Visual Studio Version 16
VisualStudioVersion = 16.0.28803.156
MinimumVisualStudioVersion = 10.0.40219.1
Project("{FAE04EC0-301F-11D3-BF4B-00C04F79EFBC}") = "Zuka finance", "Zuka finance\Zuka finance.csproj", "{E2C6D8ED-7B93-4F87-95F4-B25FDB02B49A}"
EndProject
Global
	GlobalSection(SolutionConfigurationPlatforms) = preSolution
		Debug|Any CPU = Debug|Any CPU
		Release|Any CPU = Release|Any CPU
	EndGlobalSection
	GlobalSection(ProjectConfigurationPlatforms) = postSolution
		{E2C6D8ED-7B93-4F87-95F4-B25FDB02B49A}.Debug|Any CPU.ActiveCfg = Debug|Any CPU
		{E2C6D8ED-7B93-4F87-95F4-B25FDB02B49A}.Debug|Any CPU.Build.0 = Debug|Any CPU
		{E2C6D8ED-7B93-4F87-95F4-B25FDB02B49A}.Release|Any CPU.ActiveCfg = Release|Any CPU
		{E2C6D8ED-7B93-4F87-95F4-B25FDB02B49A}.Release|Any CPU.Build.0 = Release|Any CPU
	EndGlobalSection
	GlobalSection(SolutionProperties) = preSolution
		HideSolutionNode = FALSE
	EndGlobalSection
	GlobalSection(ExtensibilityGlobals) = postSolution
		SolutionGuid = {7B1B9C53-7DED-48EC-8F8C-A62A1BB2436F}
	EndGlobalSection
EndGlobal
